<Solution>
  <Project Path="CoursePluginsAPI.cs/CoursePluginsAPI.csproj" Id="1203d968-51b7-4de9-b586-3e7777d560a6" />
  <Project Path="NewCoursePlugins/NewCoursePlugins.csproj" Id="1b09525b-80b4-4a72-90bb-917c6edb8fce" />
  <Project Path="TestCommand/TestCommand.csproj" Id="aea78525-a75d-4c8b-87ec-4f4a843b19e9" />
</Solution>
